
Microsoft Visual Studio Solution File, Format Version 12.00
# Visual Studio 15
VisualStudioVersion = 15.0.28307.645
MinimumVisualStudioVersion = 10.0.40219.1
Project("{FAE04EC0-301F-11D3-BF4B-00C04F79EFBC}") = "YemekTarifSitesi", "YemekTarifSitesi\YemekTarifSitesi.csproj", "{249A85DD-9A1D-4771-BB07-EF915AF50517}"
EndProject
Global
	GlobalSection(SolutionConfigurationPlatforms) = preSolution
		Debug|Any CPU = Debug|Any CPU
		Release|Any CPU = Release|Any CPU
	EndGlobalSection
	GlobalSection(ProjectConfigurationPlatforms) = postSolution
		{249A85DD-9A1D-4771-BB07-EF915AF50517}.Debug|Any CPU.ActiveCfg = Debug|Any CPU
		{249A85DD-9A1D-4771-BB07-EF915AF50517}.Debug|Any CPU.Build.0 = Debug|Any CPU
		{249A85DD-9A1D-4771-BB07-EF915AF50517}.Release|Any CPU.ActiveCfg = Release|Any CPU
		{249A85DD-9A1D-4771-BB07-EF915AF50517}.Release|Any CPU.Build.0 = Release|Any CPU
	EndGlobalSection
	GlobalSection(SolutionProperties) = preSolution
		HideSolutionNode = FALSE
	EndGlobalSection
	GlobalSection(ExtensibilityGlobals) = postSolution
		SolutionGuid = {183F05EC-1824-49D7-80B6-AE76960A500C}
	EndGlobalSection
EndGlobal
